// !$*UTF8*$!
{
	archiveVersion = 1;
	classes = {
	};
	objectVersion = 46;
	objects = {

/* Begin PBXBuildFile section */
		000927082567E7AE32B2E3CD /* Pods_ShopitoTests.framework in Frameworks */ = {isa = PBXBuildFile; fileRef = 1B41431E4DF395401F505E86 /* Pods_ShopitoTests.framework */; };
		63617A27345C6583A3CFEE1F /* Pods_Shopito.framework in Frameworks */ = {isa = PBXBuildFile; fileRef = E08D85EF3F1614DB913BD445 /* Pods_Shopito.framework */; };
		DC9A797E1F0EFFC200D437BE /* AppDelegate.swift in Sources */ = {isa = PBXBuildFile; fileRef = DC9A797D1F0EFFC200D437BE /* AppDelegate.swift */; };
		DC9A79801F0EFFC200D437BE /* ViewController.swift in Sources */ = {isa = PBXBuildFile; fileRef = DC9A797F1F0EFFC200D437BE /* ViewController.swift */; };
		DC9A79831F0EFFC200D437BE /* Main.storyboard in Resources */ = {isa = PBXBuildFile; fileRef = DC9A79811F0EFFC200D437BE /* Main.storyboard */; };
		DC9A79851F0EFFC200D437BE /* Assets.xcassets in Resources */ = {isa = PBXBuildFile; fileRef = DC9A79841F0EFFC200D437BE /* Assets.xcassets */; };
		DC9A79881F0EFFC200D437BE /* LaunchScreen.storyboard in Resources */ = {isa = PBXBuildFile; fileRef = DC9A79861F0EFFC200D437BE /* LaunchScreen.storyboard */; };
		DC9A79931F0EFFC200D437BE /* ShopitoTests.swift in Sources */ = {isa = PBXBuildFile; fileRef = DC9A79921F0EFFC200D437BE /* ShopitoTests.swift */; };
/* End PBXBuildFile section */

/* Begin PBXContainerItemProxy section */
		DC9A798F1F0EFFC200D437BE /* PBXContainerItemProxy */ = {
			isa = PBXContainerItemProxy;
			containerPortal = DC9A79721F0EFFC200D437BE /* Project object */;
			proxyType = 1;
			remoteGlobalIDString = DC9A79791F0EFFC200D437BE;
			remoteInfo = Shopito;
		};
/* End PBXContainerItemProxy section */

/* Begin PBXFileReference section */
		1B41431E4DF395401F505E86 /* Pods_ShopitoTests.framework */ = {isa = PBXFileReference; explicitFileType = wrapper.framework; includeInIndex = 0; path = Pods_ShopitoTests.framework; sourceTree = BUILT_PRODUCTS_DIR; };
		33D8D3303A2604D8E4F7AE33 /* Pods-Shopito.debug.xcconfig */ = {isa = PBXFileReference; includeInIndex = 1; lastKnownFileType = text.xcconfig; name = "Pods-Shopito.debug.xcconfig"; path = "Pods/Target Support Files/Pods-Shopito/Pods-Shopito.debug.xcconfig"; sourceTree = "<group>"; };
		3B4FD7961C9E5BDBC8EDBC4F /* Pods-ShopitoTests.debug.xcconfig */ = {isa = PBXFileReference; includeInIndex = 1; lastKnownFileType = text.xcconfig; name = "Pods-ShopitoTests.debug.xcconfig"; path = "Pods/Target Support Files/Pods-ShopitoTests/Pods-ShopitoTests.debug.xcconfig"; sourceTree = "<group>"; };
		D47AA466E96742455EB6B09F /* Pods-Shopito.release.xcconfig */ = {isa = PBXFileReference; includeInIndex = 1; lastKnownFileType = text.xcconfig; name = "Pods-Shopito.release.xcconfig"; path = "Pods/Target Support Files/Pods-Shopito/Pods-Shopito.release.xcconfig"; sourceTree = "<group>"; };
		DC9A797A1F0EFFC200D437BE /* Shopito.app */ = {isa = PBXFileReference; explicitFileType = wrapper.application; includeInIndex = 0; path = Shopito.app; sourceTree = BUILT_PRODUCTS_DIR; };
		DC9A797D1F0EFFC200D437BE /* AppDelegate.swift */ = {isa = PBXFileReference; lastKnownFileType = sourcecode.swift; path = AppDelegate.swift; sourceTree = "<group>"; };
		DC9A797F1F0EFFC200D437BE /* ViewController.swift */ = {isa = PBXFileReference; lastKnownFileType = sourcecode.swift; path = ViewController.swift; sourceTree = "<group>"; };
		DC9A79821F0EFFC200D437BE /* Base */ = {isa = PBXFileReference; lastKnownFileType = file.storyboard; name = Base; path = Base.lproj/Main.storyboard; sourceTree = "<group>"; };
		DC9A79841F0EFFC200D437BE /* Assets.xcassets */ = {isa = PBXFileReference; lastKnownFileType = folder.assetcatalog; path = Assets.xcassets; sourceTree = "<group>"; };
		DC9A79871F0EFFC200D437BE /* Base */ = {isa = PBXFileReference; lastKnownFileType = file.storyboard; name = Base; path = Base.lproj/LaunchScreen.storyboard; sourceTree = "<group>"; };
		DC9A79891F0EFFC200D437BE /* Info.plist */ = {isa = PBXFileReference; lastKnownFileType = text.plist.xml; path = Info.plist; sourceTree = "<group>"; };
		DC9A798E1F0EFFC200D437BE /* ShopitoTests.xctest */ = {isa = PBXFileReference; explicitFileType = wrapper.cfbundle; includeInIndex = 0; path = ShopitoTests.xctest; sourceTree = BUILT_PRODUCTS_DIR; };
		DC9A79921F0EFFC200D437BE /* ShopitoTests.swift */ = {isa = PBXFileReference; lastKnownFileType = sourcecode.swift; path = ShopitoTests.swift; sourceTree = "<group>"; };
		DC9A79941F0EFFC200D437BE /* Info.plist */ = {isa = PBXFileReference; lastKnownFileType = text.plist.xml; path = Info.plist; sourceTree = "<group>"; };
		E08D85EF3F1614DB913BD445 /* Pods_Shopito.framework */ = {isa = PBXFileReference; explicitFileType = wrapper.framework; includeInIndex = 0; path = Pods_Shopito.framework; sourceTree = BUILT_PRODUCTS_DIR; };
		F48F6BE2B9A7FAFB736EF0F7 /* Pods-ShopitoTests.release.xcconfig */ = {isa = PBXFileReference; includeInIndex = 1; lastKnownFileType = text.xcconfig; name = "Pods-ShopitoTests.release.xcconfig"; path = "Pods/Target Support Files/Pods-ShopitoTests/Pods-ShopitoTests.release.xcconfig"; sourceTree = "<group>"; };
/* End PBXFileReference section */

/* Begin PBXFrameworksBuildPhase section */
		DC9A79771F0EFFC200D437BE /* Frameworks */ = {
			isa = PBXFrameworksBuildPhase;
			buildActionMask = 2147483647;
			files = (
				63617A27345C6583A3CFEE1F /* Pods_Shopito.framework in Frameworks */,
			);
			runOnlyForDeploymentPostprocessing = 0;
		};
		DC9A798B1F0EFFC200D437BE /* Frameworks */ = {
			isa = PBXFrameworksBuildPhase;
			buildActionMask = 2147483647;
			files = (
				000927082567E7AE32B2E3CD /* Pods_ShopitoTests.framework in Frameworks */,
			);
			runOnlyForDeploymentPostprocessing = 0;
		};
/* End PBXFrameworksBuildPhase section */

/* Begin PBXGroup section */
		433ECA719316378F6BA4DC07 /* Frameworks */ = {
			isa = PBXGroup;
			children = (
				E08D85EF3F1614DB913BD445 /* Pods_Shopito.framework */,
				1B41431E4DF395401F505E86 /* Pods_ShopitoTests.framework */,
			);
			name = Frameworks;
			sourceTree = "<group>";
		};
		89D28A1E704C6BC0EC0BC429 /* Pods */ = {
			isa = PBXGroup;
			children = (
				33D8D3303A2604D8E4F7AE33 /* Pods-Shopito.debug.xcconfig */,
				D47AA466E96742455EB6B09F /* Pods-Shopito.release.xcconfig */,
				3B4FD7961C9E5BDBC8EDBC4F /* Pods-ShopitoTests.debug.xcconfig */,
				F48F6BE2B9A7FAFB736EF0F7 /* Pods-ShopitoTests.release.xcconfig */,
			);
			name = Pods;
			sourceTree = "<group>";
		};
		DC9A79711F0EFFC200D437BE = {
			isa = PBXGroup;
			children = (
				DC9A797C1F0EFFC200D437BE /* Shopito */,
				DC9A79911F0EFFC200D437BE /* ShopitoTests */,
				DC9A797B1F0EFFC200D437BE /* Products */,
				89D28A1E704C6BC0EC0BC429 /* Pods */,
				433ECA719316378F6BA4DC07 /* Frameworks */,
			);
			sourceTree = "<group>";
		};
		DC9A797B1F0EFFC200D437BE /* Products */ = {
			isa = PBXGroup;
			children = (
				DC9A797A1F0EFFC200D437BE /* Shopito.app */,
				DC9A798E1F0EFFC200D437BE /* ShopitoTests.xctest */,
			);
			name = Products;
			sourceTree = "<group>";
		};
		DC9A797C1F0EFFC200D437BE /* Shopito */ = {
			isa = PBXGroup;
			children = (
				DC9A797D1F0EFFC200D437BE /* AppDelegate.swift */,
				DC9A797F1F0EFFC200D437BE /* ViewController.swift */,
				DC9A79811F0EFFC200D437BE /* Main.storyboard */,
				DC9A79841F0EFFC200D437BE /* Assets.xcassets */,
				DC9A79861F0EFFC200D437BE /* LaunchScreen.storyboard */,
				DC9A79891F0EFFC200D437BE /* Info.plist */,
			);
			path = Shopito;
			sourceTree = "<group>";
		};
		DC9A79911F0EFFC200D437BE /* ShopitoTests */ = {
			isa = PBXGroup;
			children = (
				DC9A79921F0EFFC200D437BE /* ShopitoTests.swift */,
				DC9A79941F0EFFC200D437BE /* Info.plist */,
			);
			path = ShopitoTests;
			sourceTree = "<group>";
		};
/* End PBXGroup section */

/* Begin PBXNativeTarget section */
		DC9A79791F0EFFC200D437BE /* Shopito */ = {
			isa = PBXNativeTarget;
			buildConfigurationList = DC9A79971F0EFFC200D437BE /* Build configuration list for PBXNativeTarget "Shopito" */;
			buildPhases = (
				4C0F451FB5F1A7A950B1B33E /* [CP] Check Pods Manifest.lock */,
				DC9A79761F0EFFC200D437BE /* Sources */,
				DC9A79771F0EFFC200D437BE /* Frameworks */,
				DC9A79781F0EFFC200D437BE /* Resources */,
				49821978EC8C536FF66290B5 /* [CP] Embed Pods Frameworks */,
				F9AABB52D54D271ED57E999A /* [CP] Copy Pods Resources */,
			);
			buildRules = (
			);
			dependencies = (
			);
			name = Shopito;
			productName = Shopito;
			productReference = DC9A797A1F0EFFC200D437BE /* Shopito.app */;
			productType = "com.apple.product-type.application";
		};
		DC9A798D1F0EFFC200D437BE /* ShopitoTests */ = {
			isa = PBXNativeTarget;
			buildConfigurationList = DC9A799A1F0EFFC200D437BE /* Build configuration list for PBXNativeTarget "ShopitoTests" */;
			buildPhases = (
				5B4164722F7041DC4134EEA9 /* [CP] Check Pods Manifest.lock */,
				DC9A798A1F0EFFC200D437BE /* Sources */,
				DC9A798B1F0EFFC200D437BE /* Frameworks */,
				DC9A798C1F0EFFC200D437BE /* Resources */,
				29B95F7CB4CE21519B927BBE /* [CP] Embed Pods Frameworks */,
				63E8BD298996B9EA27615282 /* [CP] Copy Pods Resources */,
			);
			buildRules = (
			);
			dependencies = (
				DC9A79901F0EFFC200D437BE /* PBXTargetDependency */,
			);
			name = ShopitoTests;
			productName = ShopitoTests;
			productReference = DC9A798E1F0EFFC200D437BE /* ShopitoTests.xctest */;
			productType = "com.apple.product-type.bundle.unit-test";
		};
/* End PBXNativeTarget section */

/* Begin PBXProject section */
		DC9A79721F0EFFC200D437BE /* Project object */ = {
			isa = PBXProject;
			attributes = {
				LastSwiftUpdateCheck = 0830;
				LastUpgradeCheck = 0830;
				ORGANIZATIONNAME = "Tony Day";
				TargetAttributes = {
					DC9A79791F0EFFC200D437BE = {
						CreatedOnToolsVersion = 8.3.3;
						ProvisioningStyle = Automatic;
					};
					DC9A798D1F0EFFC200D437BE = {
						CreatedOnToolsVersion = 8.3.3;
						ProvisioningStyle = Automatic;
						TestTargetID = DC9A79791F0EFFC200D437BE;
					};
				};
			};
			buildConfigurationList = DC9A79751F0EFFC200D437BE /* Build configuration list for PBXProject "Shopito" */;
			compatibilityVersion = "Xcode 3.2";
			developmentRegion = English;
			hasScannedForEncodings = 0;
			knownRegions = (
				en,
				Base,
			);
			mainGroup = DC9A79711F0EFFC200D437BE;
			productRefGroup = DC9A797B1F0EFFC200D437BE /* Products */;
			projectDirPath = "";
			projectRoot = "";
			targets = (
				DC9A79791F0EFFC200D437BE /* Shopito */,
				DC9A798D1F0EFFC200D437BE /* ShopitoTests */,
			);
		};
/* End PBXProject section */

/* Begin PBXResourcesBuildPhase section */
		DC9A79781F0EFFC200D437BE /* Resources */ = {
			isa = PBXResourcesBuildPhase;
			buildActionMask = 2147483647;
			files = (
				DC9A79881F0EFFC200D437BE /* LaunchScreen.storyboard in Resources */,
				DC9A79851F0EFFC200D437BE /* Assets.xcassets in Resources */,
				DC9A79831F0EFFC200D437BE /* Main.storyboard in Resources */,
			);
			runOnlyForDeploymentPostprocessing = 0;
		};
		DC9A798C1F0EFFC200D437BE /* Resources */ = {
			isa = PBXResourcesBuildPhase;
			buildActionMask = 2147483647;
			files = (
			);
			runOnlyForDeploymentPostprocessing = 0;
		};
/* End PBXResourcesBuildPhase section */

/* Begin PBXShellScriptBuildPhase section */
		29B95F7CB4CE21519B927BBE /* [CP] Embed Pods Frameworks */ = {
			isa = PBXShellScriptBuildPhase;
			buildActionMask = 2147483647;
			files = (
			);
			inputPaths = (
			);
			name = "[CP] Embed Pods Frameworks";
			outputPaths = (
			);
			runOnlyForDeploymentPostprocessing = 0;
			shellPath = /bin/sh;
			shellScript = "\"${SRCROOT}/Pods/Target Support Files/Pods-ShopitoTests/Pods-ShopitoTests-frameworks.sh\"\n";
			showEnvVarsInLog = 0;
		};
		49821978EC8C536FF66290B5 /* [CP] Embed Pods Frameworks */ = {
			isa = PBXShellScriptBuildPhase;
			buildActionMask = 2147483647;
			files = (
			);
			inputPaths = (
			);
			name = "[CP] Embed Pods Frameworks";
			outputPaths = (
			);
			runOnlyForDeploymentPostprocessing = 0;
			shellPath = /bin/sh;
			shellScript = "\"${SRCROOT}/Pods/Target Support Files/Pods-Shopito/Pods-Shopito-frameworks.sh\"\n";
			showEnvVarsInLog = 0;
		};
		4C0F451FB5F1A7A950B1B33E /* [CP] Check Pods Manifest.lock */ = {
			isa = PBXShellScriptBuildPhase;
			buildActionMask = 2147483647;
			files = (
			);
			inputPaths = (
			);
			name = "[CP] Check Pods Manifest.lock";
			outputPaths = (
			);
			runOnlyForDeploymentPostprocessing = 0;
			shellPath = /bin/sh;
			shellScript = "diff \"${PODS_PODFILE_DIR_PATH}/Podfile.lock\" \"${PODS_ROOT}/Manifest.lock\" > /dev/null\nif [ $? != 0 ] ; then\n    # print error to STDERR\n    echo \"error: The sandbox is not in sync with the Podfile.lock. Run 'pod install' or update your CocoaPods installation.\" >&2\n    exit 1\nfi\n";
			showEnvVarsInLog = 0;
		};
		5B4164722F7041DC4134EEA9 /* [CP] Check Pods Manifest.lock */ = {
			isa = PBXShellScriptBuildPhase;
			buildActionMask = 2147483647;
			files = (
			);
			inputPaths = (
			);
			name = "[CP] Check Pods Manifest.lock";
			outputPaths = (
			);
			runOnlyForDeploymentPostprocessing = 0;
			shellPath = /bin/sh;
			shellScript = "diff \"${PODS_PODFILE_DIR_PATH}/Podfile.lock\" \"${PODS_ROOT}/Manifest.lock\" > /dev/null\nif [ $? != 0 ] ; then\n    # print error to STDERR\n    echo \"error: The sandbox is not in sync with the Podfile.lock. Run 'pod install' or update your CocoaPods installation.\" >&2\n    exit 1\nfi\n";
			showEnvVarsInLog = 0;
		};
		63E8BD298996B9EA27615282 /* [CP] Copy Pods Resources */ = {
			isa = PBXShellScriptBuildPhase;
			buildActionMask = 2147483647;
			files = (
			);
			inputPaths = (
			);
			name = "[CP] Copy Pods Resources";
			outputPaths = (
			);
			runOnlyForDeploymentPostprocessing = 0;
			shellPath = /bin/sh;
			shellScript = "\"${SRCROOT}/Pods/Target Support Files/Pods-ShopitoTests/Pods-ShopitoTests-resources.sh\"\n";
			showEnvVarsInLog = 0;
		};
		F9AABB52D54D271ED57E999A /* [CP] Copy Pods Resources */ = {
			isa = PBXShellScriptBuildPhase;
			buildActionMask = 2147483647;
			files = (
			);
			inputPaths = (
			);
			name = "[CP] Copy Pods Resources";
			outputPaths = (
			);
			runOnlyForDeploymentPostprocessing = 0;
			shellPath = /bin/sh;
			shellScript = "\"${SRCROOT}/Pods/Target Support Files/Pods-Shopito/Pods-Shopito-resources.sh\"\n";
			showEnvVarsInLog = 0;
		};
/* End PBXShellScriptBuildPhase section */

/* Begin PBXSourcesBuildPhase section */
		DC9A79761F0EFFC200D437BE /* Sources */ = {
			isa = PBXSourcesBuildPhase;
			buildActionMask = 2147483647;
			files = (
				DC9A79801F0EFFC200D437BE /* ViewController.swift in Sources */,
				DC9A797E1F0EFFC200D437BE /* AppDelegate.swift in Sources */,
			);
			runOnlyForDeploymentPostprocessing = 0;
		};
		DC9A798A1F0EFFC200D437BE /* Sources */ = {
			isa = PBXSourcesBuildPhase;
			buildActionMask = 2147483647;
			files = (
				DC9A79931F0EFFC200D437BE /* ShopitoTests.swift in Sources */,
			);
			runOnlyForDeploymentPostprocessing = 0;
		};
/* End PBXSourcesBuildPhase section */

/* Begin PBXTargetDependency section */
		DC9A79901F0EFFC200D437BE /* PBXTargetDependency */ = {
			isa = PBXTargetDependency;
			target = DC9A79791F0EFFC200D437BE /* Shopito */;
			targetProxy = DC9A798F1F0EFFC200D437BE /* PBXContainerItemProxy */;
		};
/* End PBXTargetDependency section */

/* Begin PBXVariantGroup section */
		DC9A79811F0EFFC200D437BE /* Main.storyboard */ = {
			isa = PBXVariantGroup;
			children = (
				DC9A79821F0EFFC200D437BE /* Base */,
			);
			name = Main.storyboard;
			sourceTree = "<group>";
		};
		DC9A79861F0EFFC200D437BE /* LaunchScreen.storyboard */ = {
			isa = PBXVariantGroup;
			children = (
				DC9A79871F0EFFC200D437BE /* Base */,
			);
			name = LaunchScreen.storyboard;
			sourceTree = "<group>";
		};
/* End PBXVariantGroup section */

/* Begin XCBuildConfiguration section */
		DC9A79951F0EFFC200D437BE /* Debug */ = {
			isa = XCBuildConfiguration;
			buildSettings = {
				ALWAYS_SEARCH_USER_PATHS = NO;
				CLANG_ANALYZER_NONNULL = YES;
				CLANG_ANALYZER_NUMBER_OBJECT_CONVERSION = YES_AGGRESSIVE;
				CLANG_CXX_LANGUAGE_STANDARD = "gnu++0x";
				CLANG_CXX_LIBRARY = "libc++";
				CLANG_ENABLE_MODULES = YES;
				CLANG_ENABLE_OBJC_ARC = YES;
				CLANG_WARN_BOOL_CONVERSION = YES;
				CLANG_WARN_CONSTANT_CONVERSION = YES;
				CLANG_WARN_DIRECT_OBJC_ISA_USAGE = YES_ERROR;
				CLANG_WARN_DOCUMENTATION_COMMENTS = YES;
				CLANG_WARN_EMPTY_BODY = YES;
				CLANG_WARN_ENUM_CONVERSION = YES;
				CLANG_WARN_INFINITE_RECURSION = YES;
				CLANG_WARN_INT_CONVERSION = YES;
				CLANG_WARN_OBJC_ROOT_CLASS = YES_ERROR;
				CLANG_WARN_SUSPICIOUS_MOVE = YES;
				CLANG_WARN_UNREACHABLE_CODE = YES;
				CLANG_WARN__DUPLICATE_METHOD_MATCH = YES;
				"CODE_SIGN_IDENTITY[sdk=iphoneos*]" = "iPhone Developer";
				COPY_PHASE_STRIP = NO;
				DEBUG_INFORMATION_FORMAT = dwarf;
				ENABLE_STRICT_OBJC_MSGSEND = YES;
				ENABLE_TESTABILITY = YES;
				GCC_C_LANGUAGE_STANDARD = gnu99;
				GCC_DYNAMIC_NO_PIC = NO;
				GCC_NO_COMMON_BLOCKS = YES;
				GCC_OPTIMIZATION_LEVEL = 0;
				GCC_PREPROCESSOR_DEFINITIONS = (
					"DEBUG=1",
					"$(inherited)",
				);
				GCC_WARN_64_TO_32_BIT_CONVERSION = YES;
				GCC_WARN_ABOUT_RETURN_TYPE = YES_ERROR;
				GCC_WARN_UNDECLARED_SELECTOR = YES;
				GCC_WARN_UNINITIALIZED_AUTOS = YES_AGGRESSIVE;
				GCC_WARN_UNUSED_FUNCTION = YES;
				GCC_WARN_UNUSED_VARIABLE = YES;
				IPHONEOS_DEPLOYMENT_TARGET = 10.3;
				MTL_ENABLE_DEBUG_INFO = YES;
				ONLY_ACTIVE_ARCH = YES;
				SDKROOT = iphoneos;
				SWIFT_ACTIVE_COMPILATION_CONDITIONS = DEBUG;
				SWIFT_OPTIMIZATION_LEVEL = "-Onone";
				TARGETED_DEVICE_FAMILY = "1,2";
			};
			name = Debug;
		};
		DC9A79961F0EFFC200D437BE /* Release */ = {
			isa = XCBuildConfiguration;
			buildSettings = {
				ALWAYS_SEARCH_USER_PATHS = NO;
				CLANG_ANALYZER_NONNULL = YES;
				CLANG_ANALYZER_NUMBER_OBJECT_CONVERSION = YES_AGGRESSIVE;
				CLANG_CXX_LANGUAGE_STANDARD = "gnu++0x";
				CLANG_CXX_LIBRARY = "libc++";
				CLANG_ENABLE_MODULES = YES;
				CLANG_ENABLE_OBJC_ARC = YES;
				CLANG_WARN_BOOL_CONVERSION = YES;
				CLANG_WARN_CONSTANT_CONVERSION = YES;
				CLANG_WARN_DIRECT_OBJC_ISA_USAGE = YES_ERROR;
				CLANG_WARN_DOCUMENTATION_COMMENTS = YES;
				CLANG_WARN_EMPTY_BODY = YES;
				CLANG_WARN_ENUM_CONVERSION = YES;
				CLANG_WARN_INFINITE_RECURSION = YES;
				CLANG_WARN_INT_CONVERSION = YES;
				CLANG_WARN_OBJC_ROOT_CLASS = YES_ERROR;
				CLANG_WARN_SUSPICIOUS_MOVE = YES;
				CLANG_WARN_UNREACHABLE_CODE = YES;
				CLANG_WARN__DUPLICATE_METHOD_MATCH = YES;
				"CODE_SIGN_IDENTITY[sdk=iphoneos*]" = "iPhone Developer";
				COPY_PHASE_STRIP = NO;
				DEBUG_INFORMATION_FORMAT = "dwarf-with-dsym";
				ENABLE_NS_ASSERTIONS = NO;
				ENABLE_STRICT_OBJC_MSGSEND = YES;
				GCC_C_LANGUAGE_STANDARD = gnu99;
				GCC_NO_COMMON_BLOCKS = YES;
				GCC_WARN_64_TO_32_BIT_CONVERSION = YES;
				GCC_WARN_ABOUT_RETURN_TYPE = YES_ERROR;
				GCC_WARN_UNDECLARED_SELECTOR = YES;
				GCC_WARN_UNINITIALIZED_AUTOS = YES_AGGRESSIVE;
				GCC_WARN_UNUSED_FUNCTION = YES;
				GCC_WARN_UNUSED_VARIABLE = YES;
				IPHONEOS_DEPLOYMENT_TARGET = 10.3;
				MTL_ENABLE_DEBUG_INFO = NO;
				SDKROOT = iphoneos;
				SWIFT_OPTIMIZATION_LEVEL = "-Owholemodule";
				TARGETED_DEVICE_FAMILY = "1,2";
				VALIDATE_PRODUCT = YES;
			};
			name = Release;
		};
		DC9A79981F0EFFC200D437BE /* Debug */ = {
			isa = XCBuildConfiguration;
			baseConfigurationReference = 33D8D3303A2604D8E4F7AE33 /* Pods-Shopito.debug.xcconfig */;
			buildSettings = {
				ASSETCATALOG_COMPILER_APPICON_NAME = AppIcon;
				INFOPLIST_FILE = Shopito/Info.plist;
				LD_RUNPATH_SEARCH_PATHS = "$(inherited) @executable_path/Frameworks";
				PRODUCT_BUNDLE_IDENTIFIER = com.lazylabs.Shopito;
				PRODUCT_NAME = "$(TARGET_NAME)";
				SWIFT_VERSION = 3.0;
			};
			name = Debug;
		};
		DC9A79991F0EFFC200D437BE /* Release */ = {
			isa = XCBuildConfiguration;
			baseConfigurationReference = D47AA466E96742455EB6B09F /* Pods-Shopito.release.xcconfig */;
			buildSettings = {
				ASSETCATALOG_COMPILER_APPICON_NAME = AppIcon;
				INFOPLIST_FILE = Shopito/Info.plist;
				LD_RUNPATH_SEARCH_PATHS = "$(inherited) @executable_path/Frameworks";
				PRODUCT_BUNDLE_IDENTIFIER = com.lazylabs.Shopito;
				PRODUCT_NAME = "$(TARGET_NAME)";
				SWIFT_VERSION = 3.0;
			};
			name = Release;
		};
		DC9A799B1F0EFFC200D437BE /* Debug */ = {
			isa = XCBuildConfiguration;
			baseConfigurationReference = 3B4FD7961C9E5BDBC8EDBC4F /* Pods-ShopitoTests.debug.xcconfig */;
			buildSettings = {
				ALWAYS_EMBED_SWIFT_STANDARD_LIBRARIES = YES;
				BUNDLE_LOADER = "$(TEST_HOST)";
				INFOPLIST_FILE = ShopitoTests/Info.plist;
				LD_RUNPATH_SEARCH_PATHS = "$(inherited) @executable_path/Frameworks @loader_path/Frameworks";
				PRODUCT_BUNDLE_IDENTIFIER = com.lazylabs.ShopitoTests;
				PRODUCT_NAME = "$(TARGET_NAME)";
				SWIFT_VERSION = 3.0;
				TEST_HOST = "$(BUILT_PRODUCTS_DIR)/Shopito.app/Shopito";
			};
			name = Debug;
		};
		DC9A799C1F0EFFC200D437BE /* Release */ = {
			isa = XCBuildConfiguration;
			baseConfigurationReference = F48F6BE2B9A7FAFB736EF0F7 /* Pods-ShopitoTests.release.xcconfig */;
			buildSettings = {
				ALWAYS_EMBED_SWIFT_STANDARD_LIBRARIES = YES;
				BUNDLE_LOADER = "$(TEST_HOST)";
				INFOPLIST_FILE = ShopitoTests/Info.plist;
				LD_RUNPATH_SEARCH_PATHS = "$(inherited) @executable_path/Frameworks @loader_path/Frameworks";
				PRODUCT_BUNDLE_IDENTIFIER = com.lazylabs.ShopitoTests;
				PRODUCT_NAME = "$(TARGET_NAME)";
				SWIFT_VERSION = 3.0;
				TEST_HOST = "$(BUILT_PRODUCTS_DIR)/Shopito.app/Shopito";
			};
			name = Release;
		};
/* End XCBuildConfiguration section */

/* Begin XCConfigurationList section */
		DC9A79751F0EFFC200D437BE /* Build configuration list for PBXProject "Shopito" */ = {
			isa = XCConfigurationList;
			buildConfigurations = (
				DC9A79951F0EFFC200D437BE /* Debug */,
				DC9A79961F0EFFC200D437BE /* Release */,
			);
			defaultConfigurationIsVisible = 0;
			defaultConfigurationName = Release;
		};
		DC9A79971F0EFFC200D437BE /* Build configuration list for PBXNativeTarget "Shopito" */ = {
			isa = XCConfigurationList;
			buildConfigurations = (
				DC9A79981F0EFFC200D437BE /* Debug */,
				DC9A79991F0EFFC200D437BE /* Release */,
			);
			defaultConfigurationIsVisible = 0;
		};
		DC9A799A1F0EFFC200D437BE /* Build configuration list for PBXNativeTarget "ShopitoTests" */ = {
			isa = XCConfigurationList;
			buildConfigurations = (
				DC9A799B1F0EFFC200D437BE /* Debug */,
				DC9A799C1F0EFFC200D437BE /* Release */,
			);
			defaultConfigurationIsVisible = 0;
		};
/* End XCConfigurationList section */
	};
	rootObject = DC9A79721F0EFFC200D437BE /* Project object */;
}
